
Microsoft Visual Studio Solution File, Format Version 12.00
# Visual Studio Version 16
VisualStudioVersion = 16.0.30907.101
MinimumVisualStudioVersion = 10.0.40219.1
Project("{FAE04EC0-301F-11D3-BF4B-00C04F79EFBC}") = "GBS_MyPerformance", "GBS_MyPerformance\GBS_MyPerformance.csproj", "{C397D135-5D28-41BE-A95B-396FEE4B13A0}"
EndProject
Global
	GlobalSection(SolutionConfigurationPlatforms) = preSolution
		Debug|Any CPU = Debug|Any CPU
		Release|Any CPU = Release|Any CPU
	EndGlobalSection
	GlobalSection(ProjectConfigurationPlatforms) = postSolution
		{C397D135-5D28-41BE-A95B-396FEE4B13A0}.Debug|Any CPU.ActiveCfg = Debug|Any CPU
		{C397D135-5D28-41BE-A95B-396FEE4B13A0}.Debug|Any CPU.Build.0 = Debug|Any CPU
		{C397D135-5D28-41BE-A95B-396FEE4B13A0}.Release|Any CPU.ActiveCfg = Release|Any CPU
		{C397D135-5D28-41BE-A95B-396FEE4B13A0}.Release|Any CPU.Build.0 = Release|Any CPU
	EndGlobalSection
	GlobalSection(SolutionProperties) = preSolution
		HideSolutionNode = FALSE
	EndGlobalSection
	GlobalSection(ExtensibilityGlobals) = postSolution
		SolutionGuid = {4139E4D0-8661-4D72-A949-1FB3B263C578}
	EndGlobalSection
EndGlobal
